// !$*UTF8*$!
{
	archiveVersion = 1;
	classes = {
	};
	objectVersion = 46;
	objects = {

/* Begin PBXBuildFile section */
		54F7AF841B831B9300EBD615 /* main.m in Sources */ = {isa = PBXBuildFile; fileRef = 54F7AF831B831B9300EBD615 /* main.m */; };
		54F7AF871B831B9300EBD615 /* AppDelegate.m in Sources */ = {isa = PBXBuildFile; fileRef = 54F7AF861B831B9300EBD615 /* AppDelegate.m */; };
		54F7AF8A1B831B9300EBD615 /* ViewController.m in Sources */ = {isa = PBXBuildFile; fileRef = 54F7AF891B831B9300EBD615 /* ViewController.m */; };
		54F7AF8D1B831B9300EBD615 /* Main.storyboard in Resources */ = {isa = PBXBuildFile; fileRef = 54F7AF8B1B831B9300EBD615 /* Main.storyboard */; };
		54F7AF8F1B831B9300EBD615 /* Images.xcassets in Resources */ = {isa = PBXBuildFile; fileRef = 54F7AF8E1B831B9300EBD615 /* Images.xcassets */; };
		54F7AF921B831B9300EBD615 /* LaunchScreen.xib in Resources */ = {isa = PBXBuildFile; fileRef = 54F7AF901B831B9300EBD615 /* LaunchScreen.xib */; };
		54F7AF9E1B831B9300EBD615 /* UDPTests.m in Sources */ = {isa = PBXBuildFile; fileRef = 54F7AF9D1B831B9300EBD615 /* UDPTests.m */; };
		54F7AFA91B831C9A00EBD615 /* AsyncUdpSocket.m in Sources */ = {isa = PBXBuildFile; fileRef = 54F7AFA81B831C9A00EBD615 /* AsyncUdpSocket.m */; settings = {COMPILER_FLAGS = "-fno-objc-arc"; }; };
		54F7AFAC1B83228E00EBD615 /* GDataXMLNode.m in Sources */ = {isa = PBXBuildFile; fileRef = 54F7AFAB1B83228E00EBD615 /* GDataXMLNode.m */; settings = {COMPILER_FLAGS = "-fno-objc-arc"; }; };
		54F7AFAE1B83231200EBD615 /* libxml2.dylib in Frameworks */ = {isa = PBXBuildFile; fileRef = 54F7AFAD1B83231200EBD615 /* libxml2.dylib */; };
/* End PBXBuildFile section */

/* Begin PBXContainerItemProxy section */
		54F7AF981B831B9300EBD615 /* PBXContainerItemProxy */ = {
			isa = PBXContainerItemProxy;
			containerPortal = 54F7AF761B831B9300EBD615 /* Project object */;
			proxyType = 1;
			remoteGlobalIDString = 54F7AF7D1B831B9300EBD615;
			remoteInfo = UDP;
		};
/* End PBXContainerItemProxy section */

/* Begin PBXFileReference section */
		54F7AF7E1B831B9300EBD615 /* UDP.app */ = {isa = PBXFileReference; explicitFileType = wrapper.application; includeInIndex = 0; path = UDP.app; sourceTree = BUILT_PRODUCTS_DIR; };
		54F7AF821B831B9300EBD615 /* Info.plist */ = {isa = PBXFileReference; lastKnownFileType = text.plist.xml; path = Info.plist; sourceTree = "<group>"; };
		54F7AF831B831B9300EBD615 /* main.m */ = {isa = PBXFileReference; lastKnownFileType = sourcecode.c.objc; path = main.m; sourceTree = "<group>"; };
		54F7AF851B831B9300EBD615 /* AppDelegate.h */ = {isa = PBXFileReference; lastKnownFileType = sourcecode.c.h; path = AppDelegate.h; sourceTree = "<group>"; };
		54F7AF861B831B9300EBD615 /* AppDelegate.m */ = {isa = PBXFileReference; lastKnownFileType = sourcecode.c.objc; path = AppDelegate.m; sourceTree = "<group>"; };
		54F7AF881B831B9300EBD615 /* ViewController.h */ = {isa = PBXFileReference; lastKnownFileType = sourcecode.c.h; path = ViewController.h; sourceTree = "<group>"; };
		54F7AF891B831B9300EBD615 /* ViewController.m */ = {isa = PBXFileReference; lastKnownFileType = sourcecode.c.objc; path = ViewController.m; sourceTree = "<group>"; };
		54F7AF8C1B831B9300EBD615 /* Base */ = {isa = PBXFileReference; lastKnownFileType = file.storyboard; name = Base; path = Base.lproj/Main.storyboard; sourceTree = "<group>"; };
		54F7AF8E1B831B9300EBD615 /* Images.xcassets */ = {isa = PBXFileReference; lastKnownFileType = folder.assetcatalog; path = Images.xcassets; sourceTree = "<group>"; };
		54F7AF911B831B9300EBD615 /* Base */ = {isa = PBXFileReference; lastKnownFileType = file.xib; name = Base; path = Base.lproj/LaunchScreen.xib; sourceTree = "<group>"; };
		54F7AF971B831B9300EBD615 /* UDPTests.xctest */ = {isa = PBXFileReference; explicitFileType = wrapper.cfbundle; includeInIndex = 0; path = UDPTests.xctest; sourceTree = BUILT_PRODUCTS_DIR; };
		54F7AF9C1B831B9300EBD615 /* Info.plist */ = {isa = PBXFileReference; lastKnownFileType = text.plist.xml; path = Info.plist; sourceTree = "<group>"; };
		54F7AF9D1B831B9300EBD615 /* UDPTests.m */ = {isa = PBXFileReference; lastKnownFileType = sourcecode.c.objc; path = UDPTests.m; sourceTree = "<group>"; };
		54F7AFA71B831C9A00EBD615 /* AsyncUdpSocket.h */ = {isa = PBXFileReference; fileEncoding = 4; lastKnownFileType = sourcecode.c.h; path = AsyncUdpSocket.h; sourceTree = "<group>"; };
		54F7AFA81B831C9A00EBD615 /* AsyncUdpSocket.m */ = {isa = PBXFileReference; fileEncoding = 4; lastKnownFileType = sourcecode.c.objc; path = AsyncUdpSocket.m; sourceTree = "<group>"; };
		54F7AFAA1B83228E00EBD615 /* GDataXMLNode.h */ = {isa = PBXFileReference; fileEncoding = 4; lastKnownFileType = sourcecode.c.h; path = GDataXMLNode.h; sourceTree = "<group>"; };
		54F7AFAB1B83228E00EBD615 /* GDataXMLNode.m */ = {isa = PBXFileReference; fileEncoding = 4; lastKnownFileType = sourcecode.c.objc; path = GDataXMLNode.m; sourceTree = "<group>"; };
		54F7AFAD1B83231200EBD615 /* libxml2.dylib */ = {isa = PBXFileReference; lastKnownFileType = "compiled.mach-o.dylib"; name = libxml2.dylib; path = usr/lib/libxml2.dylib; sourceTree = SDKROOT; };
/* End PBXFileReference section */

/* Begin PBXFrameworksBuildPhase section */
		54F7AF7B1B831B9300EBD615 /* Frameworks */ = {
			isa = PBXFrameworksBuildPhase;
			buildActionMask = 2147483647;
			files = (
				54F7AFAE1B83231200EBD615 /* libxml2.dylib in Frameworks */,
			);
			runOnlyForDeploymentPostprocessing = 0;
		};
		54F7AF941B831B9300EBD615 /* Frameworks */ = {
			isa = PBXFrameworksBuildPhase;
			buildActionMask = 2147483647;
			files = (
			);
			runOnlyForDeploymentPostprocessing = 0;
		};
/* End PBXFrameworksBuildPhase section */

/* Begin PBXGroup section */
		54F7AF751B831B9300EBD615 = {
			isa = PBXGroup;
			children = (
				54F7AFAD1B83231200EBD615 /* libxml2.dylib */,
				54F7AF801B831B9300EBD615 /* UDP */,
				54F7AF9A1B831B9300EBD615 /* UDPTests */,
				54F7AF7F1B831B9300EBD615 /* Products */,
			);
			sourceTree = "<group>";
		};
		54F7AF7F1B831B9300EBD615 /* Products */ = {
			isa = PBXGroup;
			children = (
				54F7AF7E1B831B9300EBD615 /* UDP.app */,
				54F7AF971B831B9300EBD615 /* UDPTests.xctest */,
			);
			name = Products;
			sourceTree = "<group>";
		};
		54F7AF801B831B9300EBD615 /* UDP */ = {
			isa = PBXGroup;
			children = (
				54F7AF851B831B9300EBD615 /* AppDelegate.h */,
				54F7AF861B831B9300EBD615 /* AppDelegate.m */,
				54F7AFAA1B83228E00EBD615 /* GDataXMLNode.h */,
				54F7AFAB1B83228E00EBD615 /* GDataXMLNode.m */,
				54F7AFA71B831C9A00EBD615 /* AsyncUdpSocket.h */,
				54F7AFA81B831C9A00EBD615 /* AsyncUdpSocket.m */,
				54F7AF881B831B9300EBD615 /* ViewController.h */,
				54F7AF891B831B9300EBD615 /* ViewController.m */,
				54F7AF8B1B831B9300EBD615 /* Main.storyboard */,
				54F7AF8E1B831B9300EBD615 /* Images.xcassets */,
				54F7AF901B831B9300EBD615 /* LaunchScreen.xib */,
				54F7AF811B831B9300EBD615 /* Supporting Files */,
			);
			path = UDP;
			sourceTree = "<group>";
		};
		54F7AF811B831B9300EBD615 /* Supporting Files */ = {
			isa = PBXGroup;
			children = (
				54F7AF821B831B9300EBD615 /* Info.plist */,
				54F7AF831B831B9300EBD615 /* main.m */,
			);
			name = "Supporting Files";
			sourceTree = "<group>";
		};
		54F7AF9A1B831B9300EBD615 /* UDPTests */ = {
			isa = PBXGroup;
			children = (
				54F7AF9D1B831B9300EBD615 /* UDPTests.m */,
				54F7AF9B1B831B9300EBD615 /* Supporting Files */,
			);
			path = UDPTests;
			sourceTree = "<group>";
		};
		54F7AF9B1B831B9300EBD615 /* Supporting Files */ = {
			isa = PBXGroup;
			children = (
				54F7AF9C1B831B9300EBD615 /* Info.plist */,
			);
			name = "Supporting Files";
			sourceTree = "<group>";
		};
/* End PBXGroup section */

/* Begin PBXNativeTarget section */
		54F7AF7D1B831B9300EBD615 /* UDP */ = {
			isa = PBXNativeTarget;
			buildConfigurationList = 54F7AFA11B831B9300EBD615 /* Build configuration list for PBXNativeTarget "UDP" */;
			buildPhases = (
				54F7AF7A1B831B9300EBD615 /* Sources */,
				54F7AF7B1B831B9300EBD615 /* Frameworks */,
				54F7AF7C1B831B9300EBD615 /* Resources */,
			);
			buildRules = (
			);
			dependencies = (
			);
			name = UDP;
			productName = UDP;
			productReference = 54F7AF7E1B831B9300EBD615 /* UDP.app */;
			productType = "com.apple.product-type.application";
		};
		54F7AF961B831B9300EBD615 /* UDPTests */ = {
			isa = PBXNativeTarget;
			buildConfigurationList = 54F7AFA41B831B9300EBD615 /* Build configuration list for PBXNativeTarget "UDPTests" */;
			buildPhases = (
				54F7AF931B831B9300EBD615 /* Sources */,
				54F7AF941B831B9300EBD615 /* Frameworks */,
				54F7AF951B831B9300EBD615 /* Resources */,
			);
			buildRules = (
			);
			dependencies = (
				54F7AF991B831B9300EBD615 /* PBXTargetDependency */,
			);
			name = UDPTests;
			productName = UDPTests;
			productReference = 54F7AF971B831B9300EBD615 /* UDPTests.xctest */;
			productType = "com.apple.product-type.bundle.unit-test";
		};
/* End PBXNativeTarget section */

/* Begin PBXProject section */
		54F7AF761B831B9300EBD615 /* Project object */ = {
			isa = PBXProject;
			attributes = {
				LastUpgradeCheck = 0640;
				ORGANIZATIONNAME = zhangfei;
				TargetAttributes = {
					54F7AF7D1B831B9300EBD615 = {
						CreatedOnToolsVersion = 6.4;
						DevelopmentTeam = A5FNQQ5U9E;
					};
					54F7AF961B831B9300EBD615 = {
						CreatedOnToolsVersion = 6.4;
						TestTargetID = 54F7AF7D1B831B9300EBD615;
					};
				};
			};
			buildConfigurationList = 54F7AF791B831B9300EBD615 /* Build configuration list for PBXProject "UDP" */;
			compatibilityVersion = "Xcode 3.2";
			developmentRegion = English;
			hasScannedForEncodings = 0;
			knownRegions = (
				en,
				Base,
			);
			mainGroup = 54F7AF751B831B9300EBD615;
			productRefGroup = 54F7AF7F1B831B9300EBD615 /* Products */;
			projectDirPath = "";
			projectRoot = "";
			targets = (
				54F7AF7D1B831B9300EBD615 /* UDP */,
				54F7AF961B831B9300EBD615 /* UDPTests */,
			);
		};
/* End PBXProject section */

/* Begin PBXResourcesBuildPhase section */
		54F7AF7C1B831B9300EBD615 /* Resources */ = {
			isa = PBXResourcesBuildPhase;
			buildActionMask = 2147483647;
			files = (
				54F7AF8D1B831B9300EBD615 /* Main.storyboard in Resources */,
				54F7AF921B831B9300EBD615 /* LaunchScreen.xib in Resources */,
				54F7AF8F1B831B9300EBD615 /* Images.xcassets in Resources */,
			);
			runOnlyForDeploymentPostprocessing = 0;
		};
		54F7AF951B831B9300EBD615 /* Resources */ = {
			isa = PBXResourcesBuildPhase;
			buildActionMask = 2147483647;
			files = (
			);
			runOnlyForDeploymentPostprocessing = 0;
		};
/* End PBXResourcesBuildPhase section */

/* Begin PBXSourcesBuildPhase section */
		54F7AF7A1B831B9300EBD615 /* Sources */ = {
			isa = PBXSourcesBuildPhase;
			buildActionMask = 2147483647;
			files = (
				54F7AF8A1B831B9300EBD615 /* ViewController.m in Sources */,
				54F7AF871B831B9300EBD615 /* AppDelegate.m in Sources */,
				54F7AFAC1B83228E00EBD615 /* GDataXMLNode.m in Sources */,
				54F7AF841B831B9300EBD615 /* main.m in Sources */,
				54F7AFA91B831C9A00EBD615 /* AsyncUdpSocket.m in Sources */,
			);
			runOnlyForDeploymentPostprocessing = 0;
		};
		54F7AF931B831B9300EBD615 /* Sources */ = {
			isa = PBXSourcesBuildPhase;
			buildActionMask = 2147483647;
			files = (
				54F7AF9E1B831B9300EBD615 /* UDPTests.m in Sources */,
			);
			runOnlyForDeploymentPostprocessing = 0;
		};
/* End PBXSourcesBuildPhase section */

/* Begin PBXTargetDependency section */
		54F7AF991B831B9300EBD615 /* PBXTargetDependency */ = {
			isa = PBXTargetDependency;
			target = 54F7AF7D1B831B9300EBD615 /* UDP */;
			targetProxy = 54F7AF981B831B9300EBD615 /* PBXContainerItemProxy */;
		};
/* End PBXTargetDependency section */

/* Begin PBXVariantGroup section */
		54F7AF8B1B831B9300EBD615 /* Main.storyboard */ = {
			isa = PBXVariantGroup;
			children = (
				54F7AF8C1B831B9300EBD615 /* Base */,
			);
			name = Main.storyboard;
			sourceTree = "<group>";
		};
		54F7AF901B831B9300EBD615 /* LaunchScreen.xib */ = {
			isa = PBXVariantGroup;
			children = (
				54F7AF911B831B9300EBD615 /* Base */,
			);
			name = LaunchScreen.xib;
			sourceTree = "<group>";
		};
/* End PBXVariantGroup section */

/* Begin XCBuildConfiguration section */
		54F7AF9F1B831B9300EBD615 /* Debug */ = {
			isa = XCBuildConfiguration;
			buildSettings = {
				ALWAYS_SEARCH_USER_PATHS = NO;
				CLANG_CXX_LANGUAGE_STANDARD = "gnu++0x";
				CLANG_CXX_LIBRARY = "libc++";
				CLANG_ENABLE_MODULES = YES;
				CLANG_ENABLE_OBJC_ARC = YES;
				CLANG_WARN_BOOL_CONVERSION = YES;
				CLANG_WARN_CONSTANT_CONVERSION = YES;
				CLANG_WARN_DIRECT_OBJC_ISA_USAGE = YES_ERROR;
				CLANG_WARN_EMPTY_BODY = YES;
				CLANG_WARN_ENUM_CONVERSION = YES;
				CLANG_WARN_INT_CONVERSION = YES;
				CLANG_WARN_OBJC_ROOT_CLASS = YES_ERROR;
				CLANG_WARN_UNREACHABLE_CODE = YES;
				CLANG_WARN__DUPLICATE_METHOD_MATCH = YES;
				"CODE_SIGN_IDENTITY[sdk=iphoneos*]" = "iPhone Developer";
				COPY_PHASE_STRIP = NO;
				DEBUG_INFORMATION_FORMAT = "dwarf-with-dsym";
				ENABLE_STRICT_OBJC_MSGSEND = YES;
				GCC_C_LANGUAGE_STANDARD = gnu99;
				GCC_DYNAMIC_NO_PIC = NO;
				GCC_NO_COMMON_BLOCKS = YES;
				GCC_OPTIMIZATION_LEVEL = 0;
				GCC_PREPROCESSOR_DEFINITIONS = (
					"DEBUG=1",
					"$(inherited)",
				);
				GCC_SYMBOLS_PRIVATE_EXTERN = NO;
				GCC_WARN_64_TO_32_BIT_CONVERSION = YES;
				GCC_WARN_ABOUT_RETURN_TYPE = YES_ERROR;
				GCC_WARN_UNDECLARED_SELECTOR = YES;
				GCC_WARN_UNINITIALIZED_AUTOS = YES_AGGRESSIVE;
				GCC_WARN_UNUSED_FUNCTION = YES;
				GCC_WARN_UNUSED_VARIABLE = YES;
				IPHONEOS_DEPLOYMENT_TARGET = 8.4;
				MTL_ENABLE_DEBUG_INFO = YES;
				ONLY_ACTIVE_ARCH = YES;
				SDKROOT = iphoneos;
			};
			name = Debug;
		};
		54F7AFA01B831B9300EBD615 /* Release */ = {
			isa = XCBuildConfiguration;
			buildSettings = {
				ALWAYS_SEARCH_USER_PATHS = NO;
				CLANG_CXX_LANGUAGE_STANDARD = "gnu++0x";
				CLANG_CXX_LIBRARY = "libc++";
				CLANG_ENABLE_MODULES = YES;
				CLANG_ENABLE_OBJC_ARC = YES;
				CLANG_WARN_BOOL_CONVERSION = YES;
				CLANG_WARN_CONSTANT_CONVERSION = YES;
				CLANG_WARN_DIRECT_OBJC_ISA_USAGE = YES_ERROR;
				CLANG_WARN_EMPTY_BODY = YES;
				CLANG_WARN_ENUM_CONVERSION = YES;
				CLANG_WARN_INT_CONVERSION = YES;
				CLANG_WARN_OBJC_ROOT_CLASS = YES_ERROR;
				CLANG_WARN_UNREACHABLE_CODE = YES;
				CLANG_WARN__DUPLICATE_METHOD_MATCH = YES;
				"CODE_SIGN_IDENTITY[sdk=iphoneos*]" = "iPhone Developer";
				COPY_PHASE_STRIP = NO;
				DEBUG_INFORMATION_FORMAT = "dwarf-with-dsym";
				ENABLE_NS_ASSERTIONS = NO;
				ENABLE_STRICT_OBJC_MSGSEND = YES;
				GCC_C_LANGUAGE_STANDARD = gnu99;
				GCC_NO_COMMON_BLOCKS = YES;
				GCC_WARN_64_TO_32_BIT_CONVERSION = YES;
				GCC_WARN_ABOUT_RETURN_TYPE = YES_ERROR;
				GCC_WARN_UNDECLARED_SELECTOR = YES;
				GCC_WARN_UNINITIALIZED_AUTOS = YES_AGGRESSIVE;
				GCC_WARN_UNUSED_FUNCTION = YES;
				GCC_WARN_UNUSED_VARIABLE = YES;
				IPHONEOS_DEPLOYMENT_TARGET = 8.4;
				MTL_ENABLE_DEBUG_INFO = NO;
				SDKROOT = iphoneos;
				VALIDATE_PRODUCT = YES;
			};
			name = Release;
		};
		54F7AFA21B831B9300EBD615 /* Debug */ = {
			isa = XCBuildConfiguration;
			buildSettings = {
				ASSETCATALOG_COMPILER_APPICON_NAME = AppIcon;
				CODE_SIGN_IDENTITY = "iPhone Developer";
				"HEADER_SEARCH_PATHS[arch=*]" = (
					"$(inherited)",
					/usr/include/libxml2,
				);
				INFOPLIST_FILE = UDP/Info.plist;
				IPHONEOS_DEPLOYMENT_TARGET = 8.0;
				LD_RUNPATH_SEARCH_PATHS = "$(inherited) @executable_path/Frameworks";
				PRODUCT_NAME = "$(TARGET_NAME)";
			};
			name = Debug;
		};
		54F7AFA31B831B9300EBD615 /* Release */ = {
			isa = XCBuildConfiguration;
			buildSettings = {
				ASSETCATALOG_COMPILER_APPICON_NAME = AppIcon;
				CODE_SIGN_IDENTITY = "iPhone Developer";
				INFOPLIST_FILE = UDP/Info.plist;
				IPHONEOS_DEPLOYMENT_TARGET = 8.0;
				LD_RUNPATH_SEARCH_PATHS = "$(inherited) @executable_path/Frameworks";
				PRODUCT_NAME = "$(TARGET_NAME)";
			};
			name = Release;
		};
		54F7AFA51B831B9300EBD615 /* Debug */ = {
			isa = XCBuildConfiguration;
			buildSettings = {
				BUNDLE_LOADER = "$(TEST_HOST)";
				FRAMEWORK_SEARCH_PATHS = (
					"$(SDKROOT)/Developer/Library/Frameworks",
					"$(inherited)",
				);
				GCC_PREPROCESSOR_DEFINITIONS = (
					"DEBUG=1",
					"$(inherited)",
				);
				INFOPLIST_FILE = UDPTests/Info.plist;
				LD_RUNPATH_SEARCH_PATHS = "$(inherited) @executable_path/Frameworks @loader_path/Frameworks";
				PRODUCT_NAME = "$(TARGET_NAME)";
				TEST_HOST = "$(BUILT_PRODUCTS_DIR)/UDP.app/UDP";
			};
			name = Debug;
		};
		54F7AFA61B831B9300EBD615 /* Release */ = {
			isa = XCBuildConfiguration;
			buildSettings = {
				BUNDLE_LOADER = "$(TEST_HOST)";
				FRAMEWORK_SEARCH_PATHS = (
					"$(SDKROOT)/Developer/Library/Frameworks",
					"$(inherited)",
				);
				INFOPLIST_FILE = UDPTests/Info.plist;
				LD_RUNPATH_SEARCH_PATHS = "$(inherited) @executable_path/Frameworks @loader_path/Frameworks";
				PRODUCT_NAME = "$(TARGET_NAME)";
				TEST_HOST = "$(BUILT_PRODUCTS_DIR)/UDP.app/UDP";
			};
			name = Release;
		};
/* End XCBuildConfiguration section */

/* Begin XCConfigurationList section */
		54F7AF791B831B9300EBD615 /* Build configuration list for PBXProject "UDP" */ = {
			isa = XCConfigurationList;
			buildConfigurations = (
				54F7AF9F1B831B9300EBD615 /* Debug */,
				54F7AFA01B831B9300EBD615 /* Release */,
			);
			defaultConfigurationIsVisible = 0;
			defaultConfigurationName = Release;
		};
		54F7AFA11B831B9300EBD615 /* Build configuration list for PBXNativeTarget "UDP" */ = {
			isa = XCConfigurationList;
			buildConfigurations = (
				54F7AFA21B831B9300EBD615 /* Debug */,
				54F7AFA31B831B9300EBD615 /* Release */,
			);
			defaultConfigurationIsVisible = 0;
			defaultConfigurationName = Release;
		};
		54F7AFA41B831B9300EBD615 /* Build configuration list for PBXNativeTarget "UDPTests" */ = {
			isa = XCConfigurationList;
			buildConfigurations = (
				54F7AFA51B831B9300EBD615 /* Debug */,
				54F7AFA61B831B9300EBD615 /* Release */,
			);
			defaultConfigurationIsVisible = 0;
			defaultConfigurationName = Release;
		};
/* End XCConfigurationList section */
	};
	rootObject = 54F7AF761B831B9300EBD615 /* Project object */;
}
